
Microsoft Visual Studio Solution File, Format Version 12.00
# Visual Studio Version 17
VisualStudioVersion = 17.0.31903.59
MinimumVisualStudioVersion = 10.0.40219.1
Project("{FAE04EC0-301F-11D3-BF4B-00C04F79EFBC}") = "PaymentContext.Domain", "PaymentContext.Domain\PaymentContext.Domain.csproj", "{950A2331-420C-4F92-8852-2A932119277B}"
EndProject
Project("{FAE04EC0-301F-11D3-BF4B-00C04F79EFBC}") = "PaymentContext.Shared", "PaymentContext.Shared\PaymentContext.Shared.csproj", "{53505350-E8A7-4761-A39D-88B246763713}"
EndProject
Project("{FAE04EC0-301F-11D3-BF4B-00C04F79EFBC}") = "PaymentContext.Tests", "PaymentContext.Tests\PaymentContext.Tests.csproj", "{649BD9E5-15AF-485A-8453-D7FE8AEB6FCC}"
EndProject
Global
	GlobalSection(SolutionConfigurationPlatforms) = preSolution
		Debug|Any CPU = Debug|Any CPU
		Release|Any CPU = Release|Any CPU
	EndGlobalSection
	GlobalSection(SolutionProperties) = preSolution
		HideSolutionNode = FALSE
	EndGlobalSection
	GlobalSection(ProjectConfigurationPlatforms) = postSolution
		{950A2331-420C-4F92-8852-2A932119277B}.Debug|Any CPU.ActiveCfg = Debug|Any CPU
		{950A2331-420C-4F92-8852-2A932119277B}.Debug|Any CPU.Build.0 = Debug|Any CPU
		{950A2331-420C-4F92-8852-2A932119277B}.Release|Any CPU.ActiveCfg = Release|Any CPU
		{950A2331-420C-4F92-8852-2A932119277B}.Release|Any CPU.Build.0 = Release|Any CPU
		{53505350-E8A7-4761-A39D-88B246763713}.Debug|Any CPU.ActiveCfg = Debug|Any CPU
		{53505350-E8A7-4761-A39D-88B246763713}.Debug|Any CPU.Build.0 = Debug|Any CPU
		{53505350-E8A7-4761-A39D-88B246763713}.Release|Any CPU.ActiveCfg = Release|Any CPU
		{53505350-E8A7-4761-A39D-88B246763713}.Release|Any CPU.Build.0 = Release|Any CPU
		{649BD9E5-15AF-485A-8453-D7FE8AEB6FCC}.Debug|Any CPU.ActiveCfg = Debug|Any CPU
		{649BD9E5-15AF-485A-8453-D7FE8AEB6FCC}.Debug|Any CPU.Build.0 = Debug|Any CPU
		{649BD9E5-15AF-485A-8453-D7FE8AEB6FCC}.Release|Any CPU.ActiveCfg = Release|Any CPU
		{649BD9E5-15AF-485A-8453-D7FE8AEB6FCC}.Release|Any CPU.Build.0 = Release|Any CPU
	EndGlobalSection
EndGlobal
